
Microsoft Visual Studio Solution File, Format Version 12.00
# Visual Studio Version 16
VisualStudioVersion = 16.0.32802.440
MinimumVisualStudioVersion = 10.0.40219.1
Project("{FAE04EC0-301F-11D3-BF4B-00C04F79EFBC}") = "Button Executer", "Button Executer\Button Executer.csproj", "{08D5166C-F66D-402B-92D9-99A2DCF3E3DA}"
EndProject
Project("{FAE04EC0-301F-11D3-BF4B-00C04F79EFBC}") = "ButtonTests", "ButtonTests\ButtonTests.csproj", "{324C3CBF-0E34-4D39-944C-42F31A266552}"
EndProject
Global
	GlobalSection(SolutionConfigurationPlatforms) = preSolution
		Debug|Any CPU = Debug|Any CPU
		Release|Any CPU = Release|Any CPU
	EndGlobalSection
	GlobalSection(ProjectConfigurationPlatforms) = postSolution
		{08D5166C-F66D-402B-92D9-99A2DCF3E3DA}.Debug|Any CPU.ActiveCfg = Debug|Any CPU
		{08D5166C-F66D-402B-92D9-99A2DCF3E3DA}.Debug|Any CPU.Build.0 = Debug|Any CPU
		{08D5166C-F66D-402B-92D9-99A2DCF3E3DA}.Release|Any CPU.ActiveCfg = Release|Any CPU
		{08D5166C-F66D-402B-92D9-99A2DCF3E3DA}.Release|Any CPU.Build.0 = Release|Any CPU
		{324C3CBF-0E34-4D39-944C-42F31A266552}.Debug|Any CPU.ActiveCfg = Debug|Any CPU
		{324C3CBF-0E34-4D39-944C-42F31A266552}.Debug|Any CPU.Build.0 = Debug|Any CPU
		{324C3CBF-0E34-4D39-944C-42F31A266552}.Release|Any CPU.ActiveCfg = Release|Any CPU
		{324C3CBF-0E34-4D39-944C-42F31A266552}.Release|Any CPU.Build.0 = Release|Any CPU
	EndGlobalSection
	GlobalSection(SolutionProperties) = preSolution
		HideSolutionNode = FALSE
	EndGlobalSection
	GlobalSection(ExtensibilityGlobals) = postSolution
		SolutionGuid = {B7D037D7-7D3F-4125-8A57-DB13441FE25E}
	EndGlobalSection
EndGlobal
